{
  "name": "multimix",
  "version": "3.0.1",
  "lockfileVersion": 1,
  "requires": true,
  "dependencies": {
    "cnd": {
      "version": "9.0.0",
      "resolved": "https://registry.npmjs.org/cnd/-/cnd-9.0.0.tgz",
      "integrity": "sha512-1AppoXfThejErDB8E3GHxRdBZZ0zGEX0/XbetVoiEjJajhUJdkIgry5yb6dm8wvpgQHAWN5iWx5HpHMXLDOSFw=="
    }
  }
}
