{
  "name": "multimix",
  "version": "3.0.1",
  "lockfileVersion": 1,
  "requires": true,
  "dependencies": {
    "cnd": {
      "version": "9.0.0",
      "resolved": "https://registry.npmjs.org/cnd/-/cnd-9.0.0.tgz",
      "integrity": "sha512-1AppoXfThejErDB8E3GHxRdBZZ0zGEX0/XbetVoiEjJajhUJdkIgry5yb6dm8wvpgQHAWN5iWx5HpHMXLDOSFw=="
    },
    "intertype": {
      "version": "5.0.0",
      "resolved": "https://registry.npmjs.org/intertype/-/intertype-5.0.0.tgz",
      "integrity": "sha512-5Onp6QKXMhqKs3wPWIEItBbm5zn+o67cDguGh7ShTdRyepgOpX9Pdndie+LOyhYh5pQ5CC/HZoHLpUXvF2+tTA==",
      "requires": {
        "cnd": "^9.0.0",
        "multimix": "^3.0.0"
      }
    },
    "multimix": {
      "version": "3.0.0",
      "resolved": "https://registry.npmjs.org/multimix/-/multimix-3.0.0.tgz",
      "integrity": "sha512-6Gb+SOx9kPqjGN4aXflidjQGEI6g7UhA1LULmW0FNbcrdsBcRmEW0QK6sGzGGD+v8K6z2fW72EsG/87fV8/7Cw==",
      "requires": {
        "cnd": "^9.0.0",
        "intertype": "^4.1.0"
      },
      "dependencies": {
        "intertype": {
          "version": "4.1.0",
          "resolved": "https://registry.npmjs.org/intertype/-/intertype-4.1.0.tgz",
          "integrity": "sha512-EUY9cYPIYGbUIxvqAQGfY9uuMGY6eZT98cXmij5GeUnBqjKHHyO/lRasTOdGrmdJwat1r6fWtcSH+ZTAWtZnZw==",
          "requires": {
            "cnd": "^7.0.0"
          },
          "dependencies": {
            "cnd": {
              "version": "7.0.1",
              "resolved": "https://registry.npmjs.org/cnd/-/cnd-7.0.1.tgz",
              "integrity": "sha512-O0gN79Z4+quOK0hlhEyB4t4cYw5hGuKYsSYHkjWDswgk9dvKzUsRZDRGhre+jvI2dVGGe4EjGg0qa9m9yHx+TQ==",
              "requires": {
                "intertype": "^4.1.0"
              }
            }
          }
        },
        "multimix": {
          "version": "2.2.1",
          "resolved": "https://registry.npmjs.org/multimix/-/multimix-2.2.1.tgz",
          "integrity": "sha512-VYYI4UT9RZmhlFApQiay5JPto/VB4nXYb+LR1xGfwIiPIQEJFMDe84HBnes939N2BNxwY5mgszAzOOcLMYndEg==",
          "dev": true,
          "requires": {
            "cnd": "^5.3.1",
            "intertype": "^3.4.0"
          },
          "dependencies": {
            "cnd": {
              "version": "5.3.2",
              "resolved": "https://registry.npmjs.org/cnd/-/cnd-5.3.2.tgz",
              "integrity": "sha512-HZmL11eDy/oreoKTxes07DSPjd9Cjr4qZVEdRu8lK+dxIts2cqUkyde39Ve7PyMh8nWNtSzmvIZ4WHWng1PFow==",
              "dev": true
            },
            "intertype": {
              "version": "3.4.1",
              "resolved": "https://registry.npmjs.org/intertype/-/intertype-3.4.1.tgz",
              "integrity": "sha512-iygBhO6W8EoxMLu8u/oWdqS5fjppBRXjdhsI0z7UCSiBcwNW9SDQGxWlOlcUWCXGrACqtGBEVrUcDibMMxuC/A==",
              "dev": true,
              "requires": {
                "cnd": "^5.3.2",
                "multimix": "^2.2.1"
              }
            }
          }
        }
      }
    }
  }
}
