lockfileVersion: 5.3

specifiers:
  cnd: 9.2.1
  guy-test: 4.1.0
  intertype: ^7.6.7

dependencies:
  cnd: 9.2.1
  intertype: 7.6.7

devDependencies:
  guy-test: 4.1.0

packages:

  /async/3.2.0:
    resolution: {integrity: sha512-TR2mEZFVOj2pLStYxLht7TyfuRzaydfpxr3k9RpHIzMgw7A64dzsdqCxH1WJyQdoe8T10nDXd9wnEigmiuHIZw==}
    dev: true

  /cnd/9.2.1:
    resolution: {integrity: sha512-JszZtSlOCxkIvNPKpw1PmIcQUjYO+pBqVoKVH2STHLtG4JHHJ1NHowv39lhyxzlPxUTZk7pZ3qO7CfrfJ8ZSKw==}
    hasBin: true

  /guy-test/4.1.0:
    resolution: {integrity: sha512-SlqymC5lfTdGREzAJN00ZDVmZy9lytHLyTAewZptOmyxA0ux7dHpVUM6rbjkWkmnYlH+01d4McBeiyjYV7wcPw==}
    dependencies:
      async: 3.2.0
      cnd: 9.2.1
      intertype: 7.6.7
    dev: true

  /intertype/7.6.7:
    resolution: {integrity: sha512-vBgYabqxX3fLa9f0Z3QeXgYszadAGdAHXdLcdQc5ZxZSG5CmbJCdYcudZLYtgmNo8epQag8zzyg7wwx+OD5J8g==}
    dependencies:
      multimix: 5.0.0

  /multimix/5.0.0:
    resolution: {integrity: sha512-N9cdGSDDD7kxOV7R6e4iZqsHTZ4F4iiSDWqMcVqx4gEH6HBtRXav39Gj3fgT1YqvBcwPCQuf0Oa5R2cDaLWK8A==}
